// !$*UTF8*$!
{
	archiveVersion = 1;
	classes = {
	};
	objectVersion = 46;
	objects = {

/* Begin PBXBuildFile section */
		573879C5A375CB76A01F31DE /* Pods_ReactiveCocoa.framework in Frameworks */ = {isa = PBXBuildFile; fileRef = 4E5241855209999345BB2820 /* Pods_ReactiveCocoa.framework */; };
		FBCA4DDC1E604C350055A626 /* main.m in Sources */ = {isa = PBXBuildFile; fileRef = FBCA4DDB1E604C350055A626 /* main.m */; };
		FBCA4DDF1E604C350055A626 /* AppDelegate.m in Sources */ = {isa = PBXBuildFile; fileRef = FBCA4DDE1E604C350055A626 /* AppDelegate.m */; };
		FBCA4DE71E604C350055A626 /* Assets.xcassets in Resources */ = {isa = PBXBuildFile; fileRef = FBCA4DE61E604C350055A626 /* Assets.xcassets */; };
		FBCA4DEA1E604C350055A626 /* LaunchScreen.storyboard in Resources */ = {isa = PBXBuildFile; fileRef = FBCA4DE81E604C350055A626 /* LaunchScreen.storyboard */; };
		FBCA4DF21E604DB30055A626 /* Podfile in Resources */ = {isa = PBXBuildFile; fileRef = FBCA4DF11E604DB30055A626 /* Podfile */; };
		FBCA4DF91E60683E0055A626 /* ViewController2.m in Sources */ = {isa = PBXBuildFile; fileRef = FBCA4DF71E60683E0055A626 /* ViewController2.m */; };
		FBCA4DFA1E60683E0055A626 /* ViewController2.xib in Resources */ = {isa = PBXBuildFile; fileRef = FBCA4DF81E60683E0055A626 /* ViewController2.xib */; };
		FBCA4E001E606C260055A626 /* ViewController1.m in Sources */ = {isa = PBXBuildFile; fileRef = FBCA4DFE1E606C260055A626 /* ViewController1.m */; };
		FBCA4E011E606C260055A626 /* ViewController1.xib in Resources */ = {isa = PBXBuildFile; fileRef = FBCA4DFF1E606C260055A626 /* ViewController1.xib */; };
/* End PBXBuildFile section */

/* Begin PBXFileReference section */
		4E5241855209999345BB2820 /* Pods_ReactiveCocoa.framework */ = {isa = PBXFileReference; explicitFileType = wrapper.framework; includeInIndex = 0; path = Pods_ReactiveCocoa.framework; sourceTree = BUILT_PRODUCTS_DIR; };
		9645C6B6CE98FCB9541ED959 /* Pods-ReactiveCocoa.debug.xcconfig */ = {isa = PBXFileReference; includeInIndex = 1; lastKnownFileType = text.xcconfig; name = "Pods-ReactiveCocoa.debug.xcconfig"; path = "Pods/Target Support Files/Pods-ReactiveCocoa/Pods-ReactiveCocoa.debug.xcconfig"; sourceTree = "<group>"; };
		B668A08DEA27E5B2FE68CB0E /* Pods-ReactiveCocoa.release.xcconfig */ = {isa = PBXFileReference; includeInIndex = 1; lastKnownFileType = text.xcconfig; name = "Pods-ReactiveCocoa.release.xcconfig"; path = "Pods/Target Support Files/Pods-ReactiveCocoa/Pods-ReactiveCocoa.release.xcconfig"; sourceTree = "<group>"; };
		FBCA4DD71E604C350055A626 /* ReactiveCocoa.app */ = {isa = PBXFileReference; explicitFileType = wrapper.application; includeInIndex = 0; path = ReactiveCocoa.app; sourceTree = BUILT_PRODUCTS_DIR; };
		FBCA4DDB1E604C350055A626 /* main.m */ = {isa = PBXFileReference; lastKnownFileType = sourcecode.c.objc; path = main.m; sourceTree = "<group>"; };
		FBCA4DDD1E604C350055A626 /* AppDelegate.h */ = {isa = PBXFileReference; lastKnownFileType = sourcecode.c.h; path = AppDelegate.h; sourceTree = "<group>"; };
		FBCA4DDE1E604C350055A626 /* AppDelegate.m */ = {isa = PBXFileReference; lastKnownFileType = sourcecode.c.objc; path = AppDelegate.m; sourceTree = "<group>"; };
		FBCA4DE61E604C350055A626 /* Assets.xcassets */ = {isa = PBXFileReference; lastKnownFileType = folder.assetcatalog; path = Assets.xcassets; sourceTree = "<group>"; };
		FBCA4DE91E604C350055A626 /* Base */ = {isa = PBXFileReference; lastKnownFileType = file.storyboard; name = Base; path = Base.lproj/LaunchScreen.storyboard; sourceTree = "<group>"; };
		FBCA4DEB1E604C350055A626 /* Info.plist */ = {isa = PBXFileReference; lastKnownFileType = text.plist.xml; path = Info.plist; sourceTree = "<group>"; };
		FBCA4DF11E604DB30055A626 /* Podfile */ = {isa = PBXFileReference; fileEncoding = 4; lastKnownFileType = text; path = Podfile; sourceTree = "<group>"; };
		FBCA4DF61E60683E0055A626 /* ViewController2.h */ = {isa = PBXFileReference; fileEncoding = 4; lastKnownFileType = sourcecode.c.h; path = ViewController2.h; sourceTree = "<group>"; };
		FBCA4DF71E60683E0055A626 /* ViewController2.m */ = {isa = PBXFileReference; fileEncoding = 4; lastKnownFileType = sourcecode.c.objc; path = ViewController2.m; sourceTree = "<group>"; };
		FBCA4DF81E60683E0055A626 /* ViewController2.xib */ = {isa = PBXFileReference; fileEncoding = 4; lastKnownFileType = file.xib; path = ViewController2.xib; sourceTree = "<group>"; };
		FBCA4DFD1E606C260055A626 /* ViewController1.h */ = {isa = PBXFileReference; fileEncoding = 4; lastKnownFileType = sourcecode.c.h; path = ViewController1.h; sourceTree = "<group>"; };
		FBCA4DFE1E606C260055A626 /* ViewController1.m */ = {isa = PBXFileReference; fileEncoding = 4; lastKnownFileType = sourcecode.c.objc; path = ViewController1.m; sourceTree = "<group>"; };
		FBCA4DFF1E606C260055A626 /* ViewController1.xib */ = {isa = PBXFileReference; fileEncoding = 4; lastKnownFileType = file.xib; path = ViewController1.xib; sourceTree = "<group>"; };
/* End PBXFileReference section */

/* Begin PBXFrameworksBuildPhase section */
		FBCA4DD41E604C350055A626 /* Frameworks */ = {
			isa = PBXFrameworksBuildPhase;
			buildActionMask = 2147483647;
			files = (
				573879C5A375CB76A01F31DE /* Pods_ReactiveCocoa.framework in Frameworks */,
			);
			runOnlyForDeploymentPostprocessing = 0;
		};
/* End PBXFrameworksBuildPhase section */

/* Begin PBXGroup section */
		8096E25CF779D3C510015038 /* Pods */ = {
			isa = PBXGroup;
			children = (
				9645C6B6CE98FCB9541ED959 /* Pods-ReactiveCocoa.debug.xcconfig */,
				B668A08DEA27E5B2FE68CB0E /* Pods-ReactiveCocoa.release.xcconfig */,
			);
			name = Pods;
			sourceTree = "<group>";
		};
		AF498467FBD4D61BEED3FC29 /* Frameworks */ = {
			isa = PBXGroup;
			children = (
				4E5241855209999345BB2820 /* Pods_ReactiveCocoa.framework */,
			);
			name = Frameworks;
			sourceTree = "<group>";
		};
		FBCA4DCE1E604C350055A626 = {
			isa = PBXGroup;
			children = (
				FBCA4DD91E604C350055A626 /* ReactiveCocoa */,
				FBCA4DD81E604C350055A626 /* Products */,
				8096E25CF779D3C510015038 /* Pods */,
				AF498467FBD4D61BEED3FC29 /* Frameworks */,
			);
			sourceTree = "<group>";
		};
		FBCA4DD81E604C350055A626 /* Products */ = {
			isa = PBXGroup;
			children = (
				FBCA4DD71E604C350055A626 /* ReactiveCocoa.app */,
			);
			name = Products;
			sourceTree = "<group>";
		};
		FBCA4DD91E604C350055A626 /* ReactiveCocoa */ = {
			isa = PBXGroup;
			children = (
				FBCA4DDD1E604C350055A626 /* AppDelegate.h */,
				FBCA4DDE1E604C350055A626 /* AppDelegate.m */,
				FBCA4DFD1E606C260055A626 /* ViewController1.h */,
				FBCA4DFE1E606C260055A626 /* ViewController1.m */,
				FBCA4DFF1E606C260055A626 /* ViewController1.xib */,
				FBCA4DF61E60683E0055A626 /* ViewController2.h */,
				FBCA4DF71E60683E0055A626 /* ViewController2.m */,
				FBCA4DF81E60683E0055A626 /* ViewController2.xib */,
				FBCA4DF11E604DB30055A626 /* Podfile */,
				FBCA4DE61E604C350055A626 /* Assets.xcassets */,
				FBCA4DE81E604C350055A626 /* LaunchScreen.storyboard */,
				FBCA4DEB1E604C350055A626 /* Info.plist */,
				FBCA4DDA1E604C350055A626 /* Supporting Files */,
			);
			path = ReactiveCocoa;
			sourceTree = "<group>";
		};
		FBCA4DDA1E604C350055A626 /* Supporting Files */ = {
			isa = PBXGroup;
			children = (
				FBCA4DDB1E604C350055A626 /* main.m */,
			);
			name = "Supporting Files";
			sourceTree = "<group>";
		};
/* End PBXGroup section */

/* Begin PBXNativeTarget section */
		FBCA4DD61E604C350055A626 /* ReactiveCocoa */ = {
			isa = PBXNativeTarget;
			buildConfigurationList = FBCA4DEE1E604C350055A626 /* Build configuration list for PBXNativeTarget "ReactiveCocoa" */;
			buildPhases = (
				9B58D35739A1B2A5B1D16E95 /* [CP] Check Pods Manifest.lock */,
				FBCA4DD31E604C350055A626 /* Sources */,
				FBCA4DD41E604C350055A626 /* Frameworks */,
				FBCA4DD51E604C350055A626 /* Resources */,
				C5B926CAE397834057B5DE89 /* [CP] Embed Pods Frameworks */,
				A0308D1F07A46C4521F533A2 /* [CP] Copy Pods Resources */,
			);
			buildRules = (
			);
			dependencies = (
			);
			name = ReactiveCocoa;
			productName = ReactiveCocoa;
			productReference = FBCA4DD71E604C350055A626 /* ReactiveCocoa.app */;
			productType = "com.apple.product-type.application";
		};
/* End PBXNativeTarget section */

/* Begin PBXProject section */
		FBCA4DCF1E604C350055A626 /* Project object */ = {
			isa = PBXProject;
			attributes = {
				LastUpgradeCheck = 0800;
				ORGANIZATIONNAME = ronghua_li;
				TargetAttributes = {
					FBCA4DD61E604C350055A626 = {
						CreatedOnToolsVersion = 8.0;
						DevelopmentTeam = W95B5QABWP;
						ProvisioningStyle = Automatic;
					};
				};
			};
			buildConfigurationList = FBCA4DD21E604C350055A626 /* Build configuration list for PBXProject "ReactiveCocoa" */;
			compatibilityVersion = "Xcode 3.2";
			developmentRegion = English;
			hasScannedForEncodings = 0;
			knownRegions = (
				en,
				Base,
			);
			mainGroup = FBCA4DCE1E604C350055A626;
			productRefGroup = FBCA4DD81E604C350055A626 /* Products */;
			projectDirPath = "";
			projectRoot = "";
			targets = (
				FBCA4DD61E604C350055A626 /* ReactiveCocoa */,
			);
		};
/* End PBXProject section */

/* Begin PBXResourcesBuildPhase section */
		FBCA4DD51E604C350055A626 /* Resources */ = {
			isa = PBXResourcesBuildPhase;
			buildActionMask = 2147483647;
			files = (
				FBCA4E011E606C260055A626 /* ViewController1.xib in Resources */,
				FBCA4DFA1E60683E0055A626 /* ViewController2.xib in Resources */,
				FBCA4DEA1E604C350055A626 /* LaunchScreen.storyboard in Resources */,
				FBCA4DE71E604C350055A626 /* Assets.xcassets in Resources */,
				FBCA4DF21E604DB30055A626 /* Podfile in Resources */,
			);
			runOnlyForDeploymentPostprocessing = 0;
		};
/* End PBXResourcesBuildPhase section */

/* Begin PBXShellScriptBuildPhase section */
		9B58D35739A1B2A5B1D16E95 /* [CP] Check Pods Manifest.lock */ = {
			isa = PBXShellScriptBuildPhase;
			buildActionMask = 2147483647;
			files = (
			);
			inputPaths = (
			);
			name = "[CP] Check Pods Manifest.lock";
			outputPaths = (
			);
			runOnlyForDeploymentPostprocessing = 0;
			shellPath = /bin/sh;
			shellScript = "diff \"${PODS_ROOT}/../Podfile.lock\" \"${PODS_ROOT}/Manifest.lock\" > /dev/null\nif [ $? != 0 ] ; then\n    # print error to STDERR\n    echo \"error: The sandbox is not in sync with the Podfile.lock. Run 'pod install' or update your CocoaPods installation.\" >&2\n    exit 1\nfi\n";
			showEnvVarsInLog = 0;
		};
		A0308D1F07A46C4521F533A2 /* [CP] Copy Pods Resources */ = {
			isa = PBXShellScriptBuildPhase;
			buildActionMask = 2147483647;
			files = (
			);
			inputPaths = (
			);
			name = "[CP] Copy Pods Resources";
			outputPaths = (
			);
			runOnlyForDeploymentPostprocessing = 0;
			shellPath = /bin/sh;
			shellScript = "\"${SRCROOT}/Pods/Target Support Files/Pods-ReactiveCocoa/Pods-ReactiveCocoa-resources.sh\"\n";
			showEnvVarsInLog = 0;
		};
		C5B926CAE397834057B5DE89 /* [CP] Embed Pods Frameworks */ = {
			isa = PBXShellScriptBuildPhase;
			buildActionMask = 2147483647;
			files = (
			);
			inputPaths = (
			);
			name = "[CP] Embed Pods Frameworks";
			outputPaths = (
			);
			runOnlyForDeploymentPostprocessing = 0;
			shellPath = /bin/sh;
			shellScript = "\"${SRCROOT}/Pods/Target Support Files/Pods-ReactiveCocoa/Pods-ReactiveCocoa-frameworks.sh\"\n";
			showEnvVarsInLog = 0;
		};
/* End PBXShellScriptBuildPhase section */

/* Begin PBXSourcesBuildPhase section */
		FBCA4DD31E604C350055A626 /* Sources */ = {
			isa = PBXSourcesBuildPhase;
			buildActionMask = 2147483647;
			files = (
				FBCA4E001E606C260055A626 /* ViewController1.m in Sources */,
				FBCA4DDF1E604C350055A626 /* AppDelegate.m in Sources */,
				FBCA4DF91E60683E0055A626 /* ViewController2.m in Sources */,
				FBCA4DDC1E604C350055A626 /* main.m in Sources */,
			);
			runOnlyForDeploymentPostprocessing = 0;
		};
/* End PBXSourcesBuildPhase section */

/* Begin PBXVariantGroup section */
		FBCA4DE81E604C350055A626 /* LaunchScreen.storyboard */ = {
			isa = PBXVariantGroup;
			children = (
				FBCA4DE91E604C350055A626 /* Base */,
			);
			name = LaunchScreen.storyboard;
			sourceTree = "<group>";
		};
/* End PBXVariantGroup section */

/* Begin XCBuildConfiguration section */
		FBCA4DEC1E604C350055A626 /* Debug */ = {
			isa = XCBuildConfiguration;
			buildSettings = {
				ALWAYS_SEARCH_USER_PATHS = NO;
				CLANG_ANALYZER_NONNULL = YES;
				CLANG_CXX_LANGUAGE_STANDARD = "gnu++0x";
				CLANG_CXX_LIBRARY = "libc++";
				CLANG_ENABLE_MODULES = YES;
				CLANG_ENABLE_OBJC_ARC = YES;
				CLANG_WARN_BOOL_CONVERSION = YES;
				CLANG_WARN_CONSTANT_CONVERSION = YES;
				CLANG_WARN_DIRECT_OBJC_ISA_USAGE = YES_ERROR;
				CLANG_WARN_DOCUMENTATION_COMMENTS = YES;
				CLANG_WARN_EMPTY_BODY = YES;
				CLANG_WARN_ENUM_CONVERSION = YES;
				CLANG_WARN_INFINITE_RECURSION = YES;
				CLANG_WARN_INT_CONVERSION = YES;
				CLANG_WARN_OBJC_ROOT_CLASS = YES_ERROR;
				CLANG_WARN_SUSPICIOUS_MOVES = YES;
				CLANG_WARN_UNREACHABLE_CODE = YES;
				CLANG_WARN__DUPLICATE_METHOD_MATCH = YES;
				"CODE_SIGN_IDENTITY[sdk=iphoneos*]" = "iPhone Developer";
				COPY_PHASE_STRIP = NO;
				DEBUG_INFORMATION_FORMAT = dwarf;
				ENABLE_STRICT_OBJC_MSGSEND = YES;
				ENABLE_TESTABILITY = YES;
				GCC_C_LANGUAGE_STANDARD = gnu99;
				GCC_DYNAMIC_NO_PIC = NO;
				GCC_NO_COMMON_BLOCKS = YES;
				GCC_OPTIMIZATION_LEVEL = 0;
				GCC_PREPROCESSOR_DEFINITIONS = (
					"DEBUG=1",
					"$(inherited)",
				);
				GCC_WARN_64_TO_32_BIT_CONVERSION = YES;
				GCC_WARN_ABOUT_RETURN_TYPE = YES_ERROR;
				GCC_WARN_UNDECLARED_SELECTOR = YES;
				GCC_WARN_UNINITIALIZED_AUTOS = YES_AGGRESSIVE;
				GCC_WARN_UNUSED_FUNCTION = YES;
				GCC_WARN_UNUSED_VARIABLE = YES;
				IPHONEOS_DEPLOYMENT_TARGET = 10.0;
				MTL_ENABLE_DEBUG_INFO = YES;
				ONLY_ACTIVE_ARCH = YES;
				SDKROOT = iphoneos;
			};
			name = Debug;
		};
		FBCA4DED1E604C350055A626 /* Release */ = {
			isa = XCBuildConfiguration;
			buildSettings = {
				ALWAYS_SEARCH_USER_PATHS = NO;
				CLANG_ANALYZER_NONNULL = YES;
				CLANG_CXX_LANGUAGE_STANDARD = "gnu++0x";
				CLANG_CXX_LIBRARY = "libc++";
				CLANG_ENABLE_MODULES = YES;
				CLANG_ENABLE_OBJC_ARC = YES;
				CLANG_WARN_BOOL_CONVERSION = YES;
				CLANG_WARN_CONSTANT_CONVERSION = YES;
				CLANG_WARN_DIRECT_OBJC_ISA_USAGE = YES_ERROR;
				CLANG_WARN_DOCUMENTATION_COMMENTS = YES;
				CLANG_WARN_EMPTY_BODY = YES;
				CLANG_WARN_ENUM_CONVERSION = YES;
				CLANG_WARN_INFINITE_RECURSION = YES;
				CLANG_WARN_INT_CONVERSION = YES;
				CLANG_WARN_OBJC_ROOT_CLASS = YES_ERROR;
				CLANG_WARN_SUSPICIOUS_MOVES = YES;
				CLANG_WARN_UNREACHABLE_CODE = YES;
				CLANG_WARN__DUPLICATE_METHOD_MATCH = YES;
				"CODE_SIGN_IDENTITY[sdk=iphoneos*]" = "iPhone Developer";
				COPY_PHASE_STRIP = NO;
				DEBUG_INFORMATION_FORMAT = "dwarf-with-dsym";
				ENABLE_NS_ASSERTIONS = NO;
				ENABLE_STRICT_OBJC_MSGSEND = YES;
				GCC_C_LANGUAGE_STANDARD = gnu99;
				GCC_NO_COMMON_BLOCKS = YES;
				GCC_WARN_64_TO_32_BIT_CONVERSION = YES;
				GCC_WARN_ABOUT_RETURN_TYPE = YES_ERROR;
				GCC_WARN_UNDECLARED_SELECTOR = YES;
				GCC_WARN_UNINITIALIZED_AUTOS = YES_AGGRESSIVE;
				GCC_WARN_UNUSED_FUNCTION = YES;
				GCC_WARN_UNUSED_VARIABLE = YES;
				IPHONEOS_DEPLOYMENT_TARGET = 10.0;
				MTL_ENABLE_DEBUG_INFO = NO;
				SDKROOT = iphoneos;
				VALIDATE_PRODUCT = YES;
			};
			name = Release;
		};
		FBCA4DEF1E604C350055A626 /* Debug */ = {
			isa = XCBuildConfiguration;
			baseConfigurationReference = 9645C6B6CE98FCB9541ED959 /* Pods-ReactiveCocoa.debug.xcconfig */;
			buildSettings = {
				ASSETCATALOG_COMPILER_APPICON_NAME = AppIcon;
				DEVELOPMENT_TEAM = W95B5QABWP;
				INFOPLIST_FILE = ReactiveCocoa/Info.plist;
				LD_RUNPATH_SEARCH_PATHS = "$(inherited) @executable_path/Frameworks";
				PRODUCT_BUNDLE_IDENTIFIER = com.hitszcerc.ReactiveCocoa;
				PRODUCT_NAME = "$(TARGET_NAME)";
			};
			name = Debug;
		};
		FBCA4DF01E604C350055A626 /* Release */ = {
			isa = XCBuildConfiguration;
			baseConfigurationReference = B668A08DEA27E5B2FE68CB0E /* Pods-ReactiveCocoa.release.xcconfig */;
			buildSettings = {
				ASSETCATALOG_COMPILER_APPICON_NAME = AppIcon;
				DEVELOPMENT_TEAM = W95B5QABWP;
				INFOPLIST_FILE = ReactiveCocoa/Info.plist;
				LD_RUNPATH_SEARCH_PATHS = "$(inherited) @executable_path/Frameworks";
				PRODUCT_BUNDLE_IDENTIFIER = com.hitszcerc.ReactiveCocoa;
				PRODUCT_NAME = "$(TARGET_NAME)";
			};
			name = Release;
		};
/* End XCBuildConfiguration section */

/* Begin XCConfigurationList section */
		FBCA4DD21E604C350055A626 /* Build configuration list for PBXProject "ReactiveCocoa" */ = {
			isa = XCConfigurationList;
			buildConfigurations = (
				FBCA4DEC1E604C350055A626 /* Debug */,
				FBCA4DED1E604C350055A626 /* Release */,
			);
			defaultConfigurationIsVisible = 0;
			defaultConfigurationName = Release;
		};
		FBCA4DEE1E604C350055A626 /* Build configuration list for PBXNativeTarget "ReactiveCocoa" */ = {
			isa = XCConfigurationList;
			buildConfigurations = (
				FBCA4DEF1E604C350055A626 /* Debug */,
				FBCA4DF01E604C350055A626 /* Release */,
			);
			defaultConfigurationIsVisible = 0;
			defaultConfigurationName = Release;
		};
/* End XCConfigurationList section */
	};
	rootObject = FBCA4DCF1E604C350055A626 /* Project object */;
}
